
Microsoft Visual Studio Solution File, Format Version 12.00
# Visual Studio Version 17
VisualStudioVersion = 17.11.35222.181
MinimumVisualStudioVersion = 10.0.40219.1
Project("{FAE04EC0-301F-11D3-BF4B-00C04F79EFBC}") = "Fogadas", "Fogadas\Fogadas.csproj", "{24AA76C8-AA3C-4C38-8F1D-8F93545DAF2B}"
EndProject
Global
	GlobalSection(SolutionConfigurationPlatforms) = preSolution
		Debug|Any CPU = Debug|Any CPU
		Release|Any CPU = Release|Any CPU
	EndGlobalSection
	GlobalSection(ProjectConfigurationPlatforms) = postSolution
		{24AA76C8-AA3C-4C38-8F1D-8F93545DAF2B}.Debug|Any CPU.ActiveCfg = Debug|Any CPU
		{24AA76C8-AA3C-4C38-8F1D-8F93545DAF2B}.Debug|Any CPU.Build.0 = Debug|Any CPU
		{24AA76C8-AA3C-4C38-8F1D-8F93545DAF2B}.Release|Any CPU.ActiveCfg = Release|Any CPU
		{24AA76C8-AA3C-4C38-8F1D-8F93545DAF2B}.Release|Any CPU.Build.0 = Release|Any CPU
	EndGlobalSection
	GlobalSection(SolutionProperties) = preSolution
		HideSolutionNode = FALSE
	EndGlobalSection
	GlobalSection(ExtensibilityGlobals) = postSolution
		SolutionGuid = {34CB9A5C-47F5-435B-BF1E-8886F28ED629}
	EndGlobalSection
EndGlobal
